
Microsoft Visual Studio Solution File, Format Version 12.00
# Visual Studio Version 16
VisualStudioVersion = 16.0.30225.117
MinimumVisualStudioVersion = 10.0.40219.1
Project("{9A19103F-16F7-4668-BE54-9A1E7A4F7556}") = "EsportApp.api", "EsportApp.api\EsportApp.api.csproj", "{DBEA88FD-7AD7-473C-B489-3844032C8646}"
	ProjectSection(ProjectDependencies) = postProject
		{8F4610EB-58AF-4DC5-B3DD-382540B760FF} = {8F4610EB-58AF-4DC5-B3DD-382540B760FF}
	EndProjectSection
EndProject
Project("{FAE04EC0-301F-11D3-BF4B-00C04F79EFBC}") = "EsportApp.models", "EsportApp.models\EsportApp.models.csproj", "{8F4610EB-58AF-4DC5-B3DD-382540B760FF}"
EndProject
Global
	GlobalSection(SolutionConfigurationPlatforms) = preSolution
		Debug|Any CPU = Debug|Any CPU
		Release|Any CPU = Release|Any CPU
	EndGlobalSection
	GlobalSection(ProjectConfigurationPlatforms) = postSolution
		{DBEA88FD-7AD7-473C-B489-3844032C8646}.Debug|Any CPU.ActiveCfg = Debug|Any CPU
		{DBEA88FD-7AD7-473C-B489-3844032C8646}.Debug|Any CPU.Build.0 = Debug|Any CPU
		{DBEA88FD-7AD7-473C-B489-3844032C8646}.Release|Any CPU.ActiveCfg = Release|Any CPU
		{DBEA88FD-7AD7-473C-B489-3844032C8646}.Release|Any CPU.Build.0 = Release|Any CPU
		{8F4610EB-58AF-4DC5-B3DD-382540B760FF}.Debug|Any CPU.ActiveCfg = Debug|Any CPU
		{8F4610EB-58AF-4DC5-B3DD-382540B760FF}.Debug|Any CPU.Build.0 = Debug|Any CPU
		{8F4610EB-58AF-4DC5-B3DD-382540B760FF}.Release|Any CPU.ActiveCfg = Release|Any CPU
		{8F4610EB-58AF-4DC5-B3DD-382540B760FF}.Release|Any CPU.Build.0 = Release|Any CPU
	EndGlobalSection
	GlobalSection(SolutionProperties) = preSolution
		HideSolutionNode = FALSE
	EndGlobalSection
	GlobalSection(ExtensibilityGlobals) = postSolution
		SolutionGuid = {E7CFC3AA-7E9E-4501-81F1-DE68D66FBFC2}
	EndGlobalSection
EndGlobal
